
Microsoft Visual Studio Solution File, Format Version 12.00
# Visual Studio 2012
Project("{FAE04EC0-301F-11D3-BF4B-00C04F79EFBC}") = "XSerializer", "XSerializer.csproj", "{5D238F55-5C9D-4862-9C96-2E3994AA54C9}"
EndProject
Project("{2150E333-8FDC-42A3-9474-1A3956D46DE8}") = ".nuget", ".nuget", "{034BBDA3-4DA1-4334-9775-8B4BACE39004}"
	ProjectSection(SolutionItems) = preProject
		.nuget\NuGet.Config = .nuget\NuGet.Config
		.nuget\NuGet.exe = .nuget\NuGet.exe
		.nuget\NuGet.targets = .nuget\NuGet.targets
	EndProjectSection
EndProject
Project("{2150E333-8FDC-42A3-9474-1A3956D46DE8}") = "files", "files", "{C2E1A694-D662-49C3-A621-9CFAD272492F}"
	ProjectSection(SolutionItems) = preProject
		..\xserializer.build = ..\xserializer.build
	EndProjectSection
EndProject
Global
	GlobalSection(SolutionConfigurationPlatforms) = preSolution
		Debug|Any CPU = Debug|Any CPU
		Release|Any CPU = Release|Any CPU
		ReleaseUnitTests|Any CPU = ReleaseUnitTests|Any CPU
	EndGlobalSection
	GlobalSection(ProjectConfigurationPlatforms) = postSolution
		{5D238F55-5C9D-4862-9C96-2E3994AA54C9}.Debug|Any CPU.ActiveCfg = Debug|Any CPU
		{5D238F55-5C9D-4862-9C96-2E3994AA54C9}.Debug|Any CPU.Build.0 = Debug|Any CPU
		{5D238F55-5C9D-4862-9C96-2E3994AA54C9}.Release|Any CPU.ActiveCfg = Release|Any CPU
		{5D238F55-5C9D-4862-9C96-2E3994AA54C9}.Release|Any CPU.Build.0 = Release|Any CPU
		{5D238F55-5C9D-4862-9C96-2E3994AA54C9}.ReleaseUnitTests|Any CPU.ActiveCfg = ReleaseUnitTests|Any CPU
		{5D238F55-5C9D-4862-9C96-2E3994AA54C9}.ReleaseUnitTests|Any CPU.Build.0 = ReleaseUnitTests|Any CPU
	EndGlobalSection
	GlobalSection(SolutionProperties) = preSolution
		HideSolutionNode = FALSE
	EndGlobalSection
EndGlobal
